
Microsoft Visual Studio Solution File, Format Version 12.00
# Visual Studio Version 17
VisualStudioVersion = 17.8.34330.188
MinimumVisualStudioVersion = 10.0.40219.1
Project("{9A19103F-16F7-4668-BE54-9A1E7A4F7556}") = "Poker", "Poker.csproj", "{1E3641E3-9BCF-4797-9B50-13C2CA37D66A}"
EndProject
Project("{9A19103F-16F7-4668-BE54-9A1E7A4F7556}") = "Poker_Teste", "..\Poker_Teste\Poker_Teste.csproj", "{AA5B5F16-DA56-4D1B-A12A-2831666DA235}"
EndProject
Project("{2150E333-8FDC-42A3-9474-1A3956D46DE8}") = "Docs", "Docs", "{1F1B1995-30A8-411E-A457-91F18DA56D02}"
	ProjectSection(SolutionItems) = preProject
		..\..\..\..\..\Pictures\Screenshots\Aplicação rodando no Docker.png = ..\..\..\..\..\Pictures\Screenshots\Aplicação rodando no Docker.png
		..\..\..\..\..\Pictures\Screenshots\banco de dados poker.png = ..\..\..\..\..\Pictures\Screenshots\banco de dados poker.png
		..\..\..\..\..\Pictures\Screenshots\testes básicos.png = ..\..\..\..\..\Pictures\Screenshots\testes básicos.png
		..\..\..\..\..\Pictures\Screenshots\testes das funcionalidades do poker.png = ..\..\..\..\..\Pictures\Screenshots\testes das funcionalidades do poker.png
		..\..\..\..\..\Pictures\Screenshots\testes de criar usuáro - listar usuários e autenticação e autorização.png = ..\..\..\..\..\Pictures\Screenshots\testes de criar usuáro - listar usuários e autenticação e autorização.png
		..\..\..\..\..\Pictures\Screenshots\todos os endpoints.png = ..\..\..\..\..\Pictures\Screenshots\todos os endpoints.png
		..\..\..\..\..\Downloads\[Suprema] Teste de Desenvolvedor Back.pdf = ..\..\..\..\..\Downloads\[Suprema] Teste de Desenvolvedor Back.pdf
	EndProjectSection
EndProject
Global
	GlobalSection(SolutionConfigurationPlatforms) = preSolution
		Debug|Any CPU = Debug|Any CPU
		Release|Any CPU = Release|Any CPU
	EndGlobalSection
	GlobalSection(ProjectConfigurationPlatforms) = postSolution
		{1E3641E3-9BCF-4797-9B50-13C2CA37D66A}.Debug|Any CPU.ActiveCfg = Debug|Any CPU
		{1E3641E3-9BCF-4797-9B50-13C2CA37D66A}.Debug|Any CPU.Build.0 = Debug|Any CPU
		{1E3641E3-9BCF-4797-9B50-13C2CA37D66A}.Release|Any CPU.ActiveCfg = Release|Any CPU
		{1E3641E3-9BCF-4797-9B50-13C2CA37D66A}.Release|Any CPU.Build.0 = Release|Any CPU
		{AA5B5F16-DA56-4D1B-A12A-2831666DA235}.Debug|Any CPU.ActiveCfg = Debug|Any CPU
		{AA5B5F16-DA56-4D1B-A12A-2831666DA235}.Debug|Any CPU.Build.0 = Debug|Any CPU
		{AA5B5F16-DA56-4D1B-A12A-2831666DA235}.Release|Any CPU.ActiveCfg = Release|Any CPU
		{AA5B5F16-DA56-4D1B-A12A-2831666DA235}.Release|Any CPU.Build.0 = Release|Any CPU
	EndGlobalSection
	GlobalSection(SolutionProperties) = preSolution
		HideSolutionNode = FALSE
	EndGlobalSection
	GlobalSection(ExtensibilityGlobals) = postSolution
		SolutionGuid = {03286DB0-3DFE-477D-89B8-89BCAB6C0E59}
	EndGlobalSection
EndGlobal
